{
  "nodes": {
    "nixpkgs": {
      "locked": {
        "lastModified": 1628693817,
        "narHash": "sha256-WtlM8ptjcUUWRvbpkToKJHzLlGCEXZKGh+SfwUYHobA=",
        "path": "/nix/store/v7g142952hmz1ss1cpbp38n6xp6q28jk-source",
        "rev": "9df2cb074d72ea80ac9fd225b29060c8cf13dd39",
        "type": "path"
      },
      "original": {
        "id": "nixpkgs",
        "type": "indirect"
      }
    },
    "root": {
      "inputs": {
        "nixpkgs": "nixpkgs"
      }
    }
  },
  "root": "root",
  "version": 7
}
